Microsoft Visual Studio Solution File, Format Version 12.00
# Visual Studio 14
VisualStudioVersion = 14.0.22310.1
MinimumVisualStudioVersion = 10.0.40219.1
Project("{2150E333-8FDC-42A3-9474-1A3956D46DE8}") = "Solution Items", "Solution Items", "{D9C3BF24-6550-4F9B-9148-901641A7BCB7}"
	ProjectSection(SolutionItems) = preProject
		..\..\.gitignore = ..\..\.gitignore
		global.json = global.json
		NuGet.Config = NuGet.Config
	EndProjectSection
EndProject
Project("{2150E333-8FDC-42A3-9474-1A3956D46DE8}") = "src", "src", "{38A22EF7-B1EE-4581-8274-ACDF5C9C97DF}"
EndProject
Project("{2150E333-8FDC-42A3-9474-1A3956D46DE8}") = "test", "test", "{54C8D8F2-1512-4FFE-94CD-4237315B2105}"
EndProject
Project("{8BB2217D-0F2D-49D1-97BC-3654ED321F3B}") = "Polykube.Common", "src\Polykube.Common\Polykube.Common.kproj", "{A5CA8E24-3192-4073-81F3-C15EFD4B9B26}"
EndProject
Project("{8BB2217D-0F2D-49D1-97BC-3654ED321F3B}") = "Polykube.Frontend", "src\Polykube.Frontend\Polykube.Frontend.kproj", "{DA2D152C-7B9D-46EE-895E-A2D0000BD4B5}"
EndProject
Project("{8BB2217D-0F2D-49D1-97BC-3654ED321F3B}") = "Polykube.Prepper", "src\Polykube.Prepper\Polykube.Prepper.kproj", "{582F9984-D56B-4979-BAA9-B5524BB915C4}"
EndProject
Project("{8BB2217D-0F2D-49D1-97BC-3654ED321F3B}") = "Polykube.FrontendTest", "test\Polykube.FrontendTest\Polykube.FrontendTest.kproj", "{1E3EB743-FA38-48A6-BEC2-DDB250CA77FD}"
EndProject
Global
	GlobalSection(SolutionConfigurationPlatforms) = preSolution
		Debug|Any CPU = Debug|Any CPU
		Release|Any CPU = Release|Any CPU
	EndGlobalSection
	GlobalSection(ProjectConfigurationPlatforms) = postSolution
		{A5CA8E24-3192-4073-81F3-C15EFD4B9B26}.Debug|Any CPU.ActiveCfg = Debug|Any CPU
		{A5CA8E24-3192-4073-81F3-C15EFD4B9B26}.Debug|Any CPU.Build.0 = Debug|Any CPU
		{A5CA8E24-3192-4073-81F3-C15EFD4B9B26}.Release|Any CPU.ActiveCfg = Release|Any CPU
		{A5CA8E24-3192-4073-81F3-C15EFD4B9B26}.Release|Any CPU.Build.0 = Release|Any CPU
		{DA2D152C-7B9D-46EE-895E-A2D0000BD4B5}.Debug|Any CPU.ActiveCfg = Debug|Any CPU
		{DA2D152C-7B9D-46EE-895E-A2D0000BD4B5}.Debug|Any CPU.Build.0 = Debug|Any CPU
		{DA2D152C-7B9D-46EE-895E-A2D0000BD4B5}.Release|Any CPU.ActiveCfg = Release|Any CPU
		{DA2D152C-7B9D-46EE-895E-A2D0000BD4B5}.Release|Any CPU.Build.0 = Release|Any CPU
		{582F9984-D56B-4979-BAA9-B5524BB915C4}.Debug|Any CPU.ActiveCfg = Debug|Any CPU
		{582F9984-D56B-4979-BAA9-B5524BB915C4}.Debug|Any CPU.Build.0 = Debug|Any CPU
		{582F9984-D56B-4979-BAA9-B5524BB915C4}.Release|Any CPU.ActiveCfg = Release|Any CPU
		{582F9984-D56B-4979-BAA9-B5524BB915C4}.Release|Any CPU.Build.0 = Release|Any CPU
		{1E3EB743-FA38-48A6-BEC2-DDB250CA77FD}.Debug|Any CPU.ActiveCfg = Debug|Any CPU
		{1E3EB743-FA38-48A6-BEC2-DDB250CA77FD}.Debug|Any CPU.Build.0 = Debug|Any CPU
		{1E3EB743-FA38-48A6-BEC2-DDB250CA77FD}.Release|Any CPU.ActiveCfg = Release|Any CPU
		{1E3EB743-FA38-48A6-BEC2-DDB250CA77FD}.Release|Any CPU.Build.0 = Release|Any CPU
	EndGlobalSection
	GlobalSection(SolutionProperties) = preSolution
		HideSolutionNode = FALSE
	EndGlobalSection
	GlobalSection(NestedProjects) = preSolution
		{A5CA8E24-3192-4073-81F3-C15EFD4B9B26} = {38A22EF7-B1EE-4581-8274-ACDF5C9C97DF}
		{DA2D152C-7B9D-46EE-895E-A2D0000BD4B5} = {38A22EF7-B1EE-4581-8274-ACDF5C9C97DF}
		{582F9984-D56B-4979-BAA9-B5524BB915C4} = {38A22EF7-B1EE-4581-8274-ACDF5C9C97DF}
		{1E3EB743-FA38-48A6-BEC2-DDB250CA77FD} = {54C8D8F2-1512-4FFE-94CD-4237315B2105}
	EndGlobalSection
EndGlobal
