
Microsoft Visual Studio Solution File, Format Version 12.00
# Visual Studio 14
VisualStudioVersion = 14.0.22310.1
MinimumVisualStudioVersion = 10.0.40219.1
Project("{2150E333-8FDC-42A3-9474-1A3956D46DE8}") = "Solution Items", "Solution Items", "{D9C3BF24-6550-4F9B-9148-901641A7BCB7}"
	ProjectSection(SolutionItems) = preProject
		..\..\.gitignore = ..\..\.gitignore
		global.json = global.json
		NuGet.Config = NuGet.Config
	EndProjectSection
EndProject
Project("{8BB2217D-0F2D-49D1-97BC-3654ED321F3B}") = "Polykube.vNextApi", "src\Polykube.vNextApi\Polykube.vNextApi.kproj", "{FA787F0C-2A27-4262-9D68-08F201401390}"
EndProject
Project("{8BB2217D-0F2D-49D1-97BC-3654ED321F3B}") = "Nowin.vNext", "src\Nowin.vNext\Nowin.vNext.kproj", "{0A642515-EE0A-4399-BD01-C61EC8218088}"
EndProject
Project("{2150E333-8FDC-42A3-9474-1A3956D46DE8}") = "src", "src", "{38A22EF7-B1EE-4581-8274-ACDF5C9C97DF}"
EndProject
Project("{2150E333-8FDC-42A3-9474-1A3956D46DE8}") = "test", "test", "{54C8D8F2-1512-4FFE-94CD-4237315B2105}"
EndProject
Project("{8BB2217D-0F2D-49D1-97BC-3654ED321F3B}") = "Polykube.vNextApiTest", "test\Polykube.vNextApiTest\Polykube.vNextApiTest.kproj", "{0CB154B4-EF95-4978-8758-DE5B8B17527B}"
EndProject
Global
	GlobalSection(SolutionConfigurationPlatforms) = preSolution
		Debug|Any CPU = Debug|Any CPU
		Release|Any CPU = Release|Any CPU
	EndGlobalSection
	GlobalSection(ProjectConfigurationPlatforms) = postSolution
		{FA787F0C-2A27-4262-9D68-08F201401390}.Debug|Any CPU.ActiveCfg = Debug|Any CPU
		{FA787F0C-2A27-4262-9D68-08F201401390}.Debug|Any CPU.Build.0 = Debug|Any CPU
		{FA787F0C-2A27-4262-9D68-08F201401390}.Release|Any CPU.ActiveCfg = Release|Any CPU
		{FA787F0C-2A27-4262-9D68-08F201401390}.Release|Any CPU.Build.0 = Release|Any CPU
		{0A642515-EE0A-4399-BD01-C61EC8218088}.Debug|Any CPU.ActiveCfg = Debug|Any CPU
		{0A642515-EE0A-4399-BD01-C61EC8218088}.Debug|Any CPU.Build.0 = Debug|Any CPU
		{0A642515-EE0A-4399-BD01-C61EC8218088}.Release|Any CPU.ActiveCfg = Release|Any CPU
		{0A642515-EE0A-4399-BD01-C61EC8218088}.Release|Any CPU.Build.0 = Release|Any CPU
		{0CB154B4-EF95-4978-8758-DE5B8B17527B}.Debug|Any CPU.ActiveCfg = Debug|Any CPU
		{0CB154B4-EF95-4978-8758-DE5B8B17527B}.Debug|Any CPU.Build.0 = Debug|Any CPU
		{0CB154B4-EF95-4978-8758-DE5B8B17527B}.Release|Any CPU.ActiveCfg = Release|Any CPU
		{0CB154B4-EF95-4978-8758-DE5B8B17527B}.Release|Any CPU.Build.0 = Release|Any CPU
	EndGlobalSection
	GlobalSection(SolutionProperties) = preSolution
		HideSolutionNode = FALSE
	EndGlobalSection
	GlobalSection(NestedProjects) = preSolution
		{FA787F0C-2A27-4262-9D68-08F201401390} = {38A22EF7-B1EE-4581-8274-ACDF5C9C97DF}
		{0A642515-EE0A-4399-BD01-C61EC8218088} = {38A22EF7-B1EE-4581-8274-ACDF5C9C97DF}
		{0CB154B4-EF95-4978-8758-DE5B8B17527B} = {54C8D8F2-1512-4FFE-94CD-4237315B2105}
	EndGlobalSection
EndGlobal
